// !$*UTF8*$!
{
	archiveVersion = 1;
	classes = {
	};
	objectVersion = 46;
	objects = {

/* Begin PBXBuildFile section */
		5C88CB171CE08CAE006EBC35 /* FMDatabase.m in Sources */ = {isa = PBXBuildFile; fileRef = 5C88CB0C1CE08CAE006EBC35 /* FMDatabase.m */; };
		5C88CB181CE08CAE006EBC35 /* FMDatabaseAdditions.m in Sources */ = {isa = PBXBuildFile; fileRef = 5C88CB0E1CE08CAE006EBC35 /* FMDatabaseAdditions.m */; };
		5C88CB191CE08CAE006EBC35 /* FMDatabasePool.m in Sources */ = {isa = PBXBuildFile; fileRef = 5C88CB101CE08CAE006EBC35 /* FMDatabasePool.m */; };
		5C88CB1A1CE08CAE006EBC35 /* FMDatabaseQueue.m in Sources */ = {isa = PBXBuildFile; fileRef = 5C88CB121CE08CAE006EBC35 /* FMDatabaseQueue.m */; };
		5C88CB1B1CE08CAE006EBC35 /* FMResultSet.m in Sources */ = {isa = PBXBuildFile; fileRef = 5C88CB151CE08CAE006EBC35 /* FMResultSet.m */; };
		5C88CB1F1CE08EF0006EBC35 /* JYDataBase.m in Sources */ = {isa = PBXBuildFile; fileRef = 5C88CB1E1CE08EF0006EBC35 /* JYDataBase.m */; };
		5C88CB261CE092F4006EBC35 /* libsqlite3.tbd in Frameworks */ = {isa = PBXBuildFile; fileRef = 5C88CB251CE092F4006EBC35 /* libsqlite3.tbd */; };
		5C88CB291CE09F00006EBC35 /* JYContentTable.m in Sources */ = {isa = PBXBuildFile; fileRef = 5C88CB281CE09F00006EBC35 /* JYContentTable.m */; };
		5C88CB331CE0A258006EBC35 /* JYPersonInfo.m in Sources */ = {isa = PBXBuildFile; fileRef = 5C88CB321CE0A258006EBC35 /* JYPersonInfo.m */; };
		5C88CB391CE0A2DA006EBC35 /* JYPersonTable.m in Sources */ = {isa = PBXBuildFile; fileRef = 5C88CB381CE0A2DA006EBC35 /* JYPersonTable.m */; };
		5C88CB3C1CE0A43E006EBC35 /* JYPersonDB.m in Sources */ = {isa = PBXBuildFile; fileRef = 5C88CB3B1CE0A43E006EBC35 /* JYPersonDB.m */; };
		5C88CB3F1CE0A671006EBC35 /* JYDBService.m in Sources */ = {isa = PBXBuildFile; fileRef = 5C88CB3E1CE0A671006EBC35 /* JYDBService.m */; };
		5CDD93211CE961510005E430 /* JYTest1Content.m in Sources */ = {isa = PBXBuildFile; fileRef = 5CDD93201CE961510005E430 /* JYTest1Content.m */; };
		5CDD93241CE961B00005E430 /* JYTest1Table.m in Sources */ = {isa = PBXBuildFile; fileRef = 5CDD93231CE961B00005E430 /* JYTest1Table.m */; };
		5CE7DC9E1CE0615E00470171 /* main.m in Sources */ = {isa = PBXBuildFile; fileRef = 5CE7DC9D1CE0615E00470171 /* main.m */; };
		5CE7DCA11CE0615E00470171 /* AppDelegate.m in Sources */ = {isa = PBXBuildFile; fileRef = 5CE7DCA01CE0615E00470171 /* AppDelegate.m */; };
		5CE7DCA41CE0615E00470171 /* ViewController.m in Sources */ = {isa = PBXBuildFile; fileRef = 5CE7DCA31CE0615E00470171 /* ViewController.m */; };
		5CE7DCA71CE0615E00470171 /* Main.storyboard in Resources */ = {isa = PBXBuildFile; fileRef = 5CE7DCA51CE0615E00470171 /* Main.storyboard */; };
		5CE7DCA91CE0615E00470171 /* Assets.xcassets in Resources */ = {isa = PBXBuildFile; fileRef = 5CE7DCA81CE0615E00470171 /* Assets.xcassets */; };
		5CE7DCAC1CE0615E00470171 /* LaunchScreen.storyboard in Resources */ = {isa = PBXBuildFile; fileRef = 5CE7DCAA1CE0615E00470171 /* LaunchScreen.storyboard */; };
		5CE7DCB71CE0615E00470171 /* JYDatabase___OCTests.m in Sources */ = {isa = PBXBuildFile; fileRef = 5CE7DCB61CE0615E00470171 /* JYDatabase___OCTests.m */; };
		5CE7DCC21CE0615E00470171 /* JYDatabase___OCUITests.m in Sources */ = {isa = PBXBuildFile; fileRef = 5CE7DCC11CE0615E00470171 /* JYDatabase___OCUITests.m */; };
		5CFD4F7F1CE5BBB80062F1C5 /* JYQueryConditions.m in Sources */ = {isa = PBXBuildFile; fileRef = 5CFD4F7E1CE5BBB80062F1C5 /* JYQueryConditions.m */; };
/* End PBXBuildFile section */

/* Begin PBXContainerItemProxy section */
		5CE7DCB31CE0615E00470171 /* PBXContainerItemProxy */ = {
			isa = PBXContainerItemProxy;
			containerPortal = 5CE7DC911CE0615E00470171 /* Project object */;
			proxyType = 1;
			remoteGlobalIDString = 5CE7DC981CE0615E00470171;
			remoteInfo = "JYDatabase - OC";
		};
		5CE7DCBE1CE0615E00470171 /* PBXContainerItemProxy */ = {
			isa = PBXContainerItemProxy;
			containerPortal = 5CE7DC911CE0615E00470171 /* Project object */;
			proxyType = 1;
			remoteGlobalIDString = 5CE7DC981CE0615E00470171;
			remoteInfo = "JYDatabase - OC";
		};
/* End PBXContainerItemProxy section */

/* Begin PBXFileReference section */
		5C88CB0B1CE08CAE006EBC35 /* FMDatabase.h */ = {isa = PBXFileReference; fileEncoding = 4; lastKnownFileType = sourcecode.c.h; path = FMDatabase.h; sourceTree = "<group>"; };
		5C88CB0C1CE08CAE006EBC35 /* FMDatabase.m */ = {isa = PBXFileReference; fileEncoding = 4; lastKnownFileType = sourcecode.c.objc; path = FMDatabase.m; sourceTree = "<group>"; };
		5C88CB0D1CE08CAE006EBC35 /* FMDatabaseAdditions.h */ = {isa = PBXFileReference; fileEncoding = 4; lastKnownFileType = sourcecode.c.h; path = FMDatabaseAdditions.h; sourceTree = "<group>"; };
		5C88CB0E1CE08CAE006EBC35 /* FMDatabaseAdditions.m */ = {isa = PBXFileReference; fileEncoding = 4; lastKnownFileType = sourcecode.c.objc; path = FMDatabaseAdditions.m; sourceTree = "<group>"; };
		5C88CB0F1CE08CAE006EBC35 /* FMDatabasePool.h */ = {isa = PBXFileReference; fileEncoding = 4; lastKnownFileType = sourcecode.c.h; path = FMDatabasePool.h; sourceTree = "<group>"; };
		5C88CB101CE08CAE006EBC35 /* FMDatabasePool.m */ = {isa = PBXFileReference; fileEncoding = 4; lastKnownFileType = sourcecode.c.objc; path = FMDatabasePool.m; sourceTree = "<group>"; };
		5C88CB111CE08CAE006EBC35 /* FMDatabaseQueue.h */ = {isa = PBXFileReference; fileEncoding = 4; lastKnownFileType = sourcecode.c.h; path = FMDatabaseQueue.h; sourceTree = "<group>"; };
		5C88CB121CE08CAE006EBC35 /* FMDatabaseQueue.m */ = {isa = PBXFileReference; fileEncoding = 4; lastKnownFileType = sourcecode.c.objc; path = FMDatabaseQueue.m; sourceTree = "<group>"; };
		5C88CB131CE08CAE006EBC35 /* FMDB.h */ = {isa = PBXFileReference; fileEncoding = 4; lastKnownFileType = sourcecode.c.h; path = FMDB.h; sourceTree = "<group>"; };
		5C88CB141CE08CAE006EBC35 /* FMResultSet.h */ = {isa = PBXFileReference; fileEncoding = 4; lastKnownFileType = sourcecode.c.h; path = FMResultSet.h; sourceTree = "<group>"; };
		5C88CB151CE08CAE006EBC35 /* FMResultSet.m */ = {isa = PBXFileReference; fileEncoding = 4; lastKnownFileType = sourcecode.c.objc; path = FMResultSet.m; sourceTree = "<group>"; };
		5C88CB1D1CE08EF0006EBC35 /* JYDataBase.h */ = {isa = PBXFileReference; fileEncoding = 4; lastKnownFileType = sourcecode.c.h; path = JYDataBase.h; sourceTree = "<group>"; };
		5C88CB1E1CE08EF0006EBC35 /* JYDataBase.m */ = {isa = PBXFileReference; fileEncoding = 4; lastKnownFileType = sourcecode.c.objc; path = JYDataBase.m; sourceTree = "<group>"; };
		5C88CB231CE08FC5006EBC35 /* libsqlite3.0.tbd */ = {isa = PBXFileReference; lastKnownFileType = "sourcecode.text-based-dylib-definition"; name = libsqlite3.0.tbd; path = usr/lib/libsqlite3.0.tbd; sourceTree = SDKROOT; };
		5C88CB251CE092F4006EBC35 /* libsqlite3.tbd */ = {isa = PBXFileReference; lastKnownFileType = "sourcecode.text-based-dylib-definition"; name = libsqlite3.tbd; path = usr/lib/libsqlite3.tbd; sourceTree = SDKROOT; };
		5C88CB271CE09F00006EBC35 /* JYContentTable.h */ = {isa = PBXFileReference; fileEncoding = 4; lastKnownFileType = sourcecode.c.h; path = JYContentTable.h; sourceTree = "<group>"; };
		5C88CB281CE09F00006EBC35 /* JYContentTable.m */ = {isa = PBXFileReference; fileEncoding = 4; lastKnownFileType = sourcecode.c.objc; path = JYContentTable.m; sourceTree = "<group>"; };
		5C88CB311CE0A258006EBC35 /* JYPersonInfo.h */ = {isa = PBXFileReference; fileEncoding = 4; lastKnownFileType = sourcecode.c.h; path = JYPersonInfo.h; sourceTree = "<group>"; };
		5C88CB321CE0A258006EBC35 /* JYPersonInfo.m */ = {isa = PBXFileReference; fileEncoding = 4; lastKnownFileType = sourcecode.c.objc; path = JYPersonInfo.m; sourceTree = "<group>"; };
		5C88CB371CE0A2DA006EBC35 /* JYPersonTable.h */ = {isa = PBXFileReference; fileEncoding = 4; lastKnownFileType = sourcecode.c.h; path = JYPersonTable.h; sourceTree = "<group>"; };
		5C88CB381CE0A2DA006EBC35 /* JYPersonTable.m */ = {isa = PBXFileReference; fileEncoding = 4; lastKnownFileType = sourcecode.c.objc; path = JYPersonTable.m; sourceTree = "<group>"; };
		5C88CB3A1CE0A43E006EBC35 /* JYPersonDB.h */ = {isa = PBXFileReference; fileEncoding = 4; lastKnownFileType = sourcecode.c.h; path = JYPersonDB.h; sourceTree = "<group>"; };
		5C88CB3B1CE0A43E006EBC35 /* JYPersonDB.m */ = {isa = PBXFileReference; fileEncoding = 4; lastKnownFileType = sourcecode.c.objc; path = JYPersonDB.m; sourceTree = "<group>"; };
		5C88CB3D1CE0A671006EBC35 /* JYDBService.h */ = {isa = PBXFileReference; fileEncoding = 4; lastKnownFileType = sourcecode.c.h; path = JYDBService.h; sourceTree = "<group>"; };
		5C88CB3E1CE0A671006EBC35 /* JYDBService.m */ = {isa = PBXFileReference; fileEncoding = 4; lastKnownFileType = sourcecode.c.objc; path = JYDBService.m; sourceTree = "<group>"; };
		5CDD931F1CE961510005E430 /* JYTest1Content.h */ = {isa = PBXFileReference; fileEncoding = 4; lastKnownFileType = sourcecode.c.h; path = JYTest1Content.h; sourceTree = "<group>"; };
		5CDD93201CE961510005E430 /* JYTest1Content.m */ = {isa = PBXFileReference; fileEncoding = 4; lastKnownFileType = sourcecode.c.objc; path = JYTest1Content.m; sourceTree = "<group>"; };
		5CDD93221CE961B00005E430 /* JYTest1Table.h */ = {isa = PBXFileReference; fileEncoding = 4; lastKnownFileType = sourcecode.c.h; path = JYTest1Table.h; sourceTree = "<group>"; };
		5CDD93231CE961B00005E430 /* JYTest1Table.m */ = {isa = PBXFileReference; fileEncoding = 4; lastKnownFileType = sourcecode.c.objc; path = JYTest1Table.m; sourceTree = "<group>"; };
		5CE7DC991CE0615E00470171 /* JYDatabase - OC.app */ = {isa = PBXFileReference; explicitFileType = wrapper.application; includeInIndex = 0; path = "JYDatabase - OC.app"; sourceTree = BUILT_PRODUCTS_DIR; };
		5CE7DC9D1CE0615E00470171 /* main.m */ = {isa = PBXFileReference; lastKnownFileType = sourcecode.c.objc; path = main.m; sourceTree = "<group>"; };
		5CE7DC9F1CE0615E00470171 /* AppDelegate.h */ = {isa = PBXFileReference; lastKnownFileType = sourcecode.c.h; path = AppDelegate.h; sourceTree = "<group>"; };
		5CE7DCA01CE0615E00470171 /* AppDelegate.m */ = {isa = PBXFileReference; lastKnownFileType = sourcecode.c.objc; path = AppDelegate.m; sourceTree = "<group>"; };
		5CE7DCA21CE0615E00470171 /* ViewController.h */ = {isa = PBXFileReference; lastKnownFileType = sourcecode.c.h; path = ViewController.h; sourceTree = "<group>"; };
		5CE7DCA31CE0615E00470171 /* ViewController.m */ = {isa = PBXFileReference; lastKnownFileType = sourcecode.c.objc; path = ViewController.m; sourceTree = "<group>"; };
		5CE7DCA61CE0615E00470171 /* Base */ = {isa = PBXFileReference; lastKnownFileType = file.storyboard; name = Base; path = Base.lproj/Main.storyboard; sourceTree = "<group>"; };
		5CE7DCA81CE0615E00470171 /* Assets.xcassets */ = {isa = PBXFileReference; lastKnownFileType = folder.assetcatalog; path = Assets.xcassets; sourceTree = "<group>"; };
		5CE7DCAB1CE0615E00470171 /* Base */ = {isa = PBXFileReference; lastKnownFileType = file.storyboard; name = Base; path = Base.lproj/LaunchScreen.storyboard; sourceTree = "<group>"; };
		5CE7DCAD1CE0615E00470171 /* Info.plist */ = {isa = PBXFileReference; lastKnownFileType = text.plist.xml; path = Info.plist; sourceTree = "<group>"; };
		5CE7DCB21CE0615E00470171 /* JYDatabase - OCTests.xctest */ = {isa = PBXFileReference; explicitFileType = wrapper.cfbundle; includeInIndex = 0; path = "JYDatabase - OCTests.xctest"; sourceTree = BUILT_PRODUCTS_DIR; };
		5CE7DCB61CE0615E00470171 /* JYDatabase___OCTests.m */ = {isa = PBXFileReference; lastKnownFileType = sourcecode.c.objc; path = "JYDatabase___OCTests.m"; sourceTree = "<group>"; };
		5CE7DCB81CE0615E00470171 /* Info.plist */ = {isa = PBXFileReference; lastKnownFileType = text.plist.xml; path = Info.plist; sourceTree = "<group>"; };
		5CE7DCBD1CE0615E00470171 /* JYDatabase - OCUITests.xctest */ = {isa = PBXFileReference; explicitFileType = wrapper.cfbundle; includeInIndex = 0; path = "JYDatabase - OCUITests.xctest"; sourceTree = BUILT_PRODUCTS_DIR; };
		5CE7DCC11CE0615E00470171 /* JYDatabase___OCUITests.m */ = {isa = PBXFileReference; lastKnownFileType = sourcecode.c.objc; path = "JYDatabase___OCUITests.m"; sourceTree = "<group>"; };
		5CE7DCC31CE0615E00470171 /* Info.plist */ = {isa = PBXFileReference; lastKnownFileType = text.plist.xml; path = Info.plist; sourceTree = "<group>"; };
		5CFD4F7D1CE5BBB80062F1C5 /* JYQueryConditions.h */ = {isa = PBXFileReference; fileEncoding = 4; lastKnownFileType = sourcecode.c.h; path = JYQueryConditions.h; sourceTree = "<group>"; };
		5CFD4F7E1CE5BBB80062F1C5 /* JYQueryConditions.m */ = {isa = PBXFileReference; fileEncoding = 4; lastKnownFileType = sourcecode.c.objc; path = JYQueryConditions.m; sourceTree = "<group>"; };
/* End PBXFileReference section */

/* Begin PBXFrameworksBuildPhase section */
		5CE7DC961CE0615E00470171 /* Frameworks */ = {
			isa = PBXFrameworksBuildPhase;
			buildActionMask = 2147483647;
			files = (
				5C88CB261CE092F4006EBC35 /* libsqlite3.tbd in Frameworks */,
			);
			runOnlyForDeploymentPostprocessing = 0;
		};
		5CE7DCAF1CE0615E00470171 /* Frameworks */ = {
			isa = PBXFrameworksBuildPhase;
			buildActionMask = 2147483647;
			files = (
			);
			runOnlyForDeploymentPostprocessing = 0;
		};
		5CE7DCBA1CE0615E00470171 /* Frameworks */ = {
			isa = PBXFrameworksBuildPhase;
			buildActionMask = 2147483647;
			files = (
			);
			runOnlyForDeploymentPostprocessing = 0;
		};
/* End PBXFrameworksBuildPhase section */

/* Begin PBXGroup section */
		5C88CB091CE08CAE006EBC35 /* JYDatabase */ = {
			isa = PBXGroup;
			children = (
				5C88CB0A1CE08CAE006EBC35 /* fmdb */,
				5CFD4F7D1CE5BBB80062F1C5 /* JYQueryConditions.h */,
				5CFD4F7E1CE5BBB80062F1C5 /* JYQueryConditions.m */,
				5C88CB271CE09F00006EBC35 /* JYContentTable.h */,
				5C88CB281CE09F00006EBC35 /* JYContentTable.m */,
				5C88CB1D1CE08EF0006EBC35 /* JYDataBase.h */,
				5C88CB1E1CE08EF0006EBC35 /* JYDataBase.m */,
			);
			path = JYDatabase;
			sourceTree = "<group>";
		};
		5C88CB0A1CE08CAE006EBC35 /* fmdb */ = {
			isa = PBXGroup;
			children = (
				5C88CB131CE08CAE006EBC35 /* FMDB.h */,
				5C88CB0B1CE08CAE006EBC35 /* FMDatabase.h */,
				5C88CB0C1CE08CAE006EBC35 /* FMDatabase.m */,
				5C88CB0D1CE08CAE006EBC35 /* FMDatabaseAdditions.h */,
				5C88CB0E1CE08CAE006EBC35 /* FMDatabaseAdditions.m */,
				5C88CB0F1CE08CAE006EBC35 /* FMDatabasePool.h */,
				5C88CB101CE08CAE006EBC35 /* FMDatabasePool.m */,
				5C88CB111CE08CAE006EBC35 /* FMDatabaseQueue.h */,
				5C88CB121CE08CAE006EBC35 /* FMDatabaseQueue.m */,
				5C88CB141CE08CAE006EBC35 /* FMResultSet.h */,
				5C88CB151CE08CAE006EBC35 /* FMResultSet.m */,
			);
			path = fmdb;
			sourceTree = "<group>";
		};
		5C88CB2A1CE0A1AC006EBC35 /* DataSoure */ = {
			isa = PBXGroup;
			children = (
				5C88CB2B1CE0A1AC006EBC35 /* Content */,
				5C88CB2D1CE0A1AC006EBC35 /* Storage */,
				5C88CB2C1CE0A1AC006EBC35 /* Service */,
			);
			path = DataSoure;
			sourceTree = "<group>";
		};
		5C88CB2B1CE0A1AC006EBC35 /* Content */ = {
			isa = PBXGroup;
			children = (
				5C88CB311CE0A258006EBC35 /* JYPersonInfo.h */,
				5C88CB321CE0A258006EBC35 /* JYPersonInfo.m */,
				5CDD931F1CE961510005E430 /* JYTest1Content.h */,
				5CDD93201CE961510005E430 /* JYTest1Content.m */,
			);
			path = Content;
			sourceTree = "<group>";
		};
		5C88CB2C1CE0A1AC006EBC35 /* Service */ = {
			isa = PBXGroup;
			children = (
				5C88CB3D1CE0A671006EBC35 /* JYDBService.h */,
				5C88CB3E1CE0A671006EBC35 /* JYDBService.m */,
			);
			path = Service;
			sourceTree = "<group>";
		};
		5C88CB2D1CE0A1AC006EBC35 /* Storage */ = {
			isa = PBXGroup;
			children = (
				5C88CB3A1CE0A43E006EBC35 /* JYPersonDB.h */,
				5C88CB3B1CE0A43E006EBC35 /* JYPersonDB.m */,
				5C88CB371CE0A2DA006EBC35 /* JYPersonTable.h */,
				5C88CB381CE0A2DA006EBC35 /* JYPersonTable.m */,
				5CDD93221CE961B00005E430 /* JYTest1Table.h */,
				5CDD93231CE961B00005E430 /* JYTest1Table.m */,
			);
			path = Storage;
			sourceTree = "<group>";
		};
		5CE7DC901CE0615E00470171 = {
			isa = PBXGroup;
			children = (
				5CE7DC9B1CE0615E00470171 /* JYDatabase - OC */,
				5CE7DCB51CE0615E00470171 /* JYDatabase - OCTests */,
				5CE7DCC01CE0615E00470171 /* JYDatabase - OCUITests */,
				5CE7DC9A1CE0615E00470171 /* Products */,
			);
			sourceTree = "<group>";
		};
		5CE7DC9A1CE0615E00470171 /* Products */ = {
			isa = PBXGroup;
			children = (
				5CE7DC991CE0615E00470171 /* JYDatabase - OC.app */,
				5CE7DCB21CE0615E00470171 /* JYDatabase - OCTests.xctest */,
				5CE7DCBD1CE0615E00470171 /* JYDatabase - OCUITests.xctest */,
			);
			name = Products;
			sourceTree = "<group>";
		};
		5CE7DC9B1CE0615E00470171 /* JYDatabase - OC */ = {
			isa = PBXGroup;
			children = (
				5C88CB091CE08CAE006EBC35 /* JYDatabase */,
				5C88CB2A1CE0A1AC006EBC35 /* DataSoure */,
				5CE7DC9F1CE0615E00470171 /* AppDelegate.h */,
				5CE7DCA01CE0615E00470171 /* AppDelegate.m */,
				5CE7DCA21CE0615E00470171 /* ViewController.h */,
				5CE7DCA31CE0615E00470171 /* ViewController.m */,
				5CE7DCA51CE0615E00470171 /* Main.storyboard */,
				5CE7DCA81CE0615E00470171 /* Assets.xcassets */,
				5CE7DCAA1CE0615E00470171 /* LaunchScreen.storyboard */,
				5CE7DCAD1CE0615E00470171 /* Info.plist */,
				5CE7DC9C1CE0615E00470171 /* Supporting Files */,
			);
			path = "JYDatabase - OC";
			sourceTree = "<group>";
		};
		5CE7DC9C1CE0615E00470171 /* Supporting Files */ = {
			isa = PBXGroup;
			children = (
				5C88CB251CE092F4006EBC35 /* libsqlite3.tbd */,
				5C88CB231CE08FC5006EBC35 /* libsqlite3.0.tbd */,
				5CE7DC9D1CE0615E00470171 /* main.m */,
			);
			name = "Supporting Files";
			sourceTree = "<group>";
		};
		5CE7DCB51CE0615E00470171 /* JYDatabase - OCTests */ = {
			isa = PBXGroup;
			children = (
				5CE7DCB61CE0615E00470171 /* JYDatabase___OCTests.m */,
				5CE7DCB81CE0615E00470171 /* Info.plist */,
			);
			path = "JYDatabase - OCTests";
			sourceTree = "<group>";
		};
		5CE7DCC01CE0615E00470171 /* JYDatabase - OCUITests */ = {
			isa = PBXGroup;
			children = (
				5CE7DCC11CE0615E00470171 /* JYDatabase___OCUITests.m */,
				5CE7DCC31CE0615E00470171 /* Info.plist */,
			);
			path = "JYDatabase - OCUITests";
			sourceTree = "<group>";
		};
/* End PBXGroup section */

/* Begin PBXNativeTarget section */
		5CE7DC981CE0615E00470171 /* JYDatabase - OC */ = {
			isa = PBXNativeTarget;
			buildConfigurationList = 5CE7DCC61CE0615E00470171 /* Build configuration list for PBXNativeTarget "JYDatabase - OC" */;
			buildPhases = (
				5CE7DC951CE0615E00470171 /* Sources */,
				5CE7DC961CE0615E00470171 /* Frameworks */,
				5CE7DC971CE0615E00470171 /* Resources */,
			);
			buildRules = (
			);
			dependencies = (
			);
			name = "JYDatabase - OC";
			productName = "JYDatabase - OC";
			productReference = 5CE7DC991CE0615E00470171 /* JYDatabase - OC.app */;
			productType = "com.apple.product-type.application";
		};
		5CE7DCB11CE0615E00470171 /* JYDatabase - OCTests */ = {
			isa = PBXNativeTarget;
			buildConfigurationList = 5CE7DCC91CE0615E00470171 /* Build configuration list for PBXNativeTarget "JYDatabase - OCTests" */;
			buildPhases = (
				5CE7DCAE1CE0615E00470171 /* Sources */,
				5CE7DCAF1CE0615E00470171 /* Frameworks */,
				5CE7DCB01CE0615E00470171 /* Resources */,
			);
			buildRules = (
			);
			dependencies = (
				5CE7DCB41CE0615E00470171 /* PBXTargetDependency */,
			);
			name = "JYDatabase - OCTests";
			productName = "JYDatabase - OCTests";
			productReference = 5CE7DCB21CE0615E00470171 /* JYDatabase - OCTests.xctest */;
			productType = "com.apple.product-type.bundle.unit-test";
		};
		5CE7DCBC1CE0615E00470171 /* JYDatabase - OCUITests */ = {
			isa = PBXNativeTarget;
			buildConfigurationList = 5CE7DCCC1CE0615E00470171 /* Build configuration list for PBXNativeTarget "JYDatabase - OCUITests" */;
			buildPhases = (
				5CE7DCB91CE0615E00470171 /* Sources */,
				5CE7DCBA1CE0615E00470171 /* Frameworks */,
				5CE7DCBB1CE0615E00470171 /* Resources */,
			);
			buildRules = (
			);
			dependencies = (
				5CE7DCBF1CE0615E00470171 /* PBXTargetDependency */,
			);
			name = "JYDatabase - OCUITests";
			productName = "JYDatabase - OCUITests";
			productReference = 5CE7DCBD1CE0615E00470171 /* JYDatabase - OCUITests.xctest */;
			productType = "com.apple.product-type.bundle.ui-testing";
		};
/* End PBXNativeTarget section */

/* Begin PBXProject section */
		5CE7DC911CE0615E00470171 /* Project object */ = {
			isa = PBXProject;
			attributes = {
				LastUpgradeCheck = 0730;
				ORGANIZATIONNAME = weijingyun;
				TargetAttributes = {
					5CE7DC981CE0615E00470171 = {
						CreatedOnToolsVersion = 7.3;
					};
					5CE7DCB11CE0615E00470171 = {
						CreatedOnToolsVersion = 7.3;
						TestTargetID = 5CE7DC981CE0615E00470171;
					};
					5CE7DCBC1CE0615E00470171 = {
						CreatedOnToolsVersion = 7.3;
						TestTargetID = 5CE7DC981CE0615E00470171;
					};
				};
			};
			buildConfigurationList = 5CE7DC941CE0615E00470171 /* Build configuration list for PBXProject "JYDatabase - OC" */;
			compatibilityVersion = "Xcode 3.2";
			developmentRegion = English;
			hasScannedForEncodings = 0;
			knownRegions = (
				en,
				Base,
			);
			mainGroup = 5CE7DC901CE0615E00470171;
			productRefGroup = 5CE7DC9A1CE0615E00470171 /* Products */;
			projectDirPath = "";
			projectRoot = "";
			targets = (
				5CE7DC981CE0615E00470171 /* JYDatabase - OC */,
				5CE7DCB11CE0615E00470171 /* JYDatabase - OCTests */,
				5CE7DCBC1CE0615E00470171 /* JYDatabase - OCUITests */,
			);
		};
/* End PBXProject section */

/* Begin PBXResourcesBuildPhase section */
		5CE7DC971CE0615E00470171 /* Resources */ = {
			isa = PBXResourcesBuildPhase;
			buildActionMask = 2147483647;
			files = (
				5CE7DCAC1CE0615E00470171 /* LaunchScreen.storyboard in Resources */,
				5CE7DCA91CE0615E00470171 /* Assets.xcassets in Resources */,
				5CE7DCA71CE0615E00470171 /* Main.storyboard in Resources */,
			);
			runOnlyForDeploymentPostprocessing = 0;
		};
		5CE7DCB01CE0615E00470171 /* Resources */ = {
			isa = PBXResourcesBuildPhase;
			buildActionMask = 2147483647;
			files = (
			);
			runOnlyForDeploymentPostprocessing = 0;
		};
		5CE7DCBB1CE0615E00470171 /* Resources */ = {
			isa = PBXResourcesBuildPhase;
			buildActionMask = 2147483647;
			files = (
			);
			runOnlyForDeploymentPostprocessing = 0;
		};
/* End PBXResourcesBuildPhase section */

/* Begin PBXSourcesBuildPhase section */
		5CE7DC951CE0615E00470171 /* Sources */ = {
			isa = PBXSourcesBuildPhase;
			buildActionMask = 2147483647;
			files = (
				5C88CB391CE0A2DA006EBC35 /* JYPersonTable.m in Sources */,
				5CE7DCA41CE0615E00470171 /* ViewController.m in Sources */,
				5C88CB3F1CE0A671006EBC35 /* JYDBService.m in Sources */,
				5C88CB191CE08CAE006EBC35 /* FMDatabasePool.m in Sources */,
				5C88CB291CE09F00006EBC35 /* JYContentTable.m in Sources */,
				5C88CB331CE0A258006EBC35 /* JYPersonInfo.m in Sources */,
				5C88CB3C1CE0A43E006EBC35 /* JYPersonDB.m in Sources */,
				5CFD4F7F1CE5BBB80062F1C5 /* JYQueryConditions.m in Sources */,
				5CDD93241CE961B00005E430 /* JYTest1Table.m in Sources */,
				5CE7DCA11CE0615E00470171 /* AppDelegate.m in Sources */,
				5C88CB1A1CE08CAE006EBC35 /* FMDatabaseQueue.m in Sources */,
				5CDD93211CE961510005E430 /* JYTest1Content.m in Sources */,
				5CE7DC9E1CE0615E00470171 /* main.m in Sources */,
				5C88CB1F1CE08EF0006EBC35 /* JYDataBase.m in Sources */,
				5C88CB171CE08CAE006EBC35 /* FMDatabase.m in Sources */,
				5C88CB1B1CE08CAE006EBC35 /* FMResultSet.m in Sources */,
				5C88CB181CE08CAE006EBC35 /* FMDatabaseAdditions.m in Sources */,
			);
			runOnlyForDeploymentPostprocessing = 0;
		};
		5CE7DCAE1CE0615E00470171 /* Sources */ = {
			isa = PBXSourcesBuildPhase;
			buildActionMask = 2147483647;
			files = (
				5CE7DCB71CE0615E00470171 /* JYDatabase___OCTests.m in Sources */,
			);
			runOnlyForDeploymentPostprocessing = 0;
		};
		5CE7DCB91CE0615E00470171 /* Sources */ = {
			isa = PBXSourcesBuildPhase;
			buildActionMask = 2147483647;
			files = (
				5CE7DCC21CE0615E00470171 /* JYDatabase___OCUITests.m in Sources */,
			);
			runOnlyForDeploymentPostprocessing = 0;
		};
/* End PBXSourcesBuildPhase section */

/* Begin PBXTargetDependency section */
		5CE7DCB41CE0615E00470171 /* PBXTargetDependency */ = {
			isa = PBXTargetDependency;
			target = 5CE7DC981CE0615E00470171 /* JYDatabase - OC */;
			targetProxy = 5CE7DCB31CE0615E00470171 /* PBXContainerItemProxy */;
		};
		5CE7DCBF1CE0615E00470171 /* PBXTargetDependency */ = {
			isa = PBXTargetDependency;
			target = 5CE7DC981CE0615E00470171 /* JYDatabase - OC */;
			targetProxy = 5CE7DCBE1CE0615E00470171 /* PBXContainerItemProxy */;
		};
/* End PBXTargetDependency section */

/* Begin PBXVariantGroup section */
		5CE7DCA51CE0615E00470171 /* Main.storyboard */ = {
			isa = PBXVariantGroup;
			children = (
				5CE7DCA61CE0615E00470171 /* Base */,
			);
			name = Main.storyboard;
			sourceTree = "<group>";
		};
		5CE7DCAA1CE0615E00470171 /* LaunchScreen.storyboard */ = {
			isa = PBXVariantGroup;
			children = (
				5CE7DCAB1CE0615E00470171 /* Base */,
			);
			name = LaunchScreen.storyboard;
			sourceTree = "<group>";
		};
/* End PBXVariantGroup section */

/* Begin XCBuildConfiguration section */
		5CE7DCC41CE0615E00470171 /* Debug */ = {
			isa = XCBuildConfiguration;
			buildSettings = {
				ALWAYS_SEARCH_USER_PATHS = NO;
				CLANG_ANALYZER_NONNULL = YES;
				CLANG_CXX_LANGUAGE_STANDARD = "gnu++0x";
				CLANG_CXX_LIBRARY = "libc++";
				CLANG_ENABLE_MODULES = YES;
				CLANG_ENABLE_OBJC_ARC = YES;
				CLANG_WARN_BOOL_CONVERSION = YES;
				CLANG_WARN_CONSTANT_CONVERSION = YES;
				CLANG_WARN_DIRECT_OBJC_ISA_USAGE = YES_ERROR;
				CLANG_WARN_EMPTY_BODY = YES;
				CLANG_WARN_ENUM_CONVERSION = YES;
				CLANG_WARN_INT_CONVERSION = YES;
				CLANG_WARN_OBJC_ROOT_CLASS = YES_ERROR;
				CLANG_WARN_UNREACHABLE_CODE = YES;
				CLANG_WARN__DUPLICATE_METHOD_MATCH = YES;
				"CODE_SIGN_IDENTITY[sdk=iphoneos*]" = "iPhone Developer";
				COPY_PHASE_STRIP = NO;
				DEBUG_INFORMATION_FORMAT = dwarf;
				ENABLE_STRICT_OBJC_MSGSEND = YES;
				ENABLE_TESTABILITY = YES;
				GCC_C_LANGUAGE_STANDARD = gnu99;
				GCC_DYNAMIC_NO_PIC = NO;
				GCC_NO_COMMON_BLOCKS = YES;
				GCC_OPTIMIZATION_LEVEL = 0;
				GCC_PREPROCESSOR_DEFINITIONS = (
					"DEBUG=1",
					"$(inherited)",
				);
				GCC_WARN_64_TO_32_BIT_CONVERSION = YES;
				GCC_WARN_ABOUT_RETURN_TYPE = YES_ERROR;
				GCC_WARN_UNDECLARED_SELECTOR = YES;
				GCC_WARN_UNINITIALIZED_AUTOS = YES_AGGRESSIVE;
				GCC_WARN_UNUSED_FUNCTION = YES;
				GCC_WARN_UNUSED_VARIABLE = YES;
				IPHONEOS_DEPLOYMENT_TARGET = 7.0;
				MTL_ENABLE_DEBUG_INFO = YES;
				ONLY_ACTIVE_ARCH = YES;
				SDKROOT = iphoneos;
				TARGETED_DEVICE_FAMILY = "1,2";
			};
			name = Debug;
		};
		5CE7DCC51CE0615E00470171 /* Release */ = {
			isa = XCBuildConfiguration;
			buildSettings = {
				ALWAYS_SEARCH_USER_PATHS = NO;
				CLANG_ANALYZER_NONNULL = YES;
				CLANG_CXX_LANGUAGE_STANDARD = "gnu++0x";
				CLANG_CXX_LIBRARY = "libc++";
				CLANG_ENABLE_MODULES = YES;
				CLANG_ENABLE_OBJC_ARC = YES;
				CLANG_WARN_BOOL_CONVERSION = YES;
				CLANG_WARN_CONSTANT_CONVERSION = YES;
				CLANG_WARN_DIRECT_OBJC_ISA_USAGE = YES_ERROR;
				CLANG_WARN_EMPTY_BODY = YES;
				CLANG_WARN_ENUM_CONVERSION = YES;
				CLANG_WARN_INT_CONVERSION = YES;
				CLANG_WARN_OBJC_ROOT_CLASS = YES_ERROR;
				CLANG_WARN_UNREACHABLE_CODE = YES;
				CLANG_WARN__DUPLICATE_METHOD_MATCH = YES;
				"CODE_SIGN_IDENTITY[sdk=iphoneos*]" = "iPhone Developer";
				COPY_PHASE_STRIP = NO;
				DEBUG_INFORMATION_FORMAT = "dwarf-with-dsym";
				ENABLE_NS_ASSERTIONS = NO;
				ENABLE_STRICT_OBJC_MSGSEND = YES;
				GCC_C_LANGUAGE_STANDARD = gnu99;
				GCC_NO_COMMON_BLOCKS = YES;
				GCC_WARN_64_TO_32_BIT_CONVERSION = YES;
				GCC_WARN_ABOUT_RETURN_TYPE = YES_ERROR;
				GCC_WARN_UNDECLARED_SELECTOR = YES;
				GCC_WARN_UNINITIALIZED_AUTOS = YES_AGGRESSIVE;
				GCC_WARN_UNUSED_FUNCTION = YES;
				GCC_WARN_UNUSED_VARIABLE = YES;
				IPHONEOS_DEPLOYMENT_TARGET = 7.0;
				MTL_ENABLE_DEBUG_INFO = NO;
				SDKROOT = iphoneos;
				TARGETED_DEVICE_FAMILY = "1,2";
				VALIDATE_PRODUCT = YES;
			};
			name = Release;
		};
		5CE7DCC71CE0615E00470171 /* Debug */ = {
			isa = XCBuildConfiguration;
			buildSettings = {
				ASSETCATALOG_COMPILER_APPICON_NAME = AppIcon;
				INFOPLIST_FILE = "JYDatabase - OC/Info.plist";
				IPHONEOS_DEPLOYMENT_TARGET = 7.0;
				LD_RUNPATH_SEARCH_PATHS = "$(inherited) @executable_path/Frameworks";
				PRODUCT_BUNDLE_IDENTIFIER = "yunyunxiao.JYDatabase---OC";
				PRODUCT_NAME = "$(TARGET_NAME)";
			};
			name = Debug;
		};
		5CE7DCC81CE0615E00470171 /* Release */ = {
			isa = XCBuildConfiguration;
			buildSettings = {
				ASSETCATALOG_COMPILER_APPICON_NAME = AppIcon;
				INFOPLIST_FILE = "JYDatabase - OC/Info.plist";
				IPHONEOS_DEPLOYMENT_TARGET = 7.0;
				LD_RUNPATH_SEARCH_PATHS = "$(inherited) @executable_path/Frameworks";
				PRODUCT_BUNDLE_IDENTIFIER = "yunyunxiao.JYDatabase---OC";
				PRODUCT_NAME = "$(TARGET_NAME)";
			};
			name = Release;
		};
		5CE7DCCA1CE0615E00470171 /* Debug */ = {
			isa = XCBuildConfiguration;
			buildSettings = {
				BUNDLE_LOADER = "$(TEST_HOST)";
				INFOPLIST_FILE = "JYDatabase - OCTests/Info.plist";
				LD_RUNPATH_SEARCH_PATHS = "$(inherited) @executable_path/Frameworks @loader_path/Frameworks";
				PRODUCT_BUNDLE_IDENTIFIER = "yunyunxiao.JYDatabase---OCTests";
				PRODUCT_NAME = "$(TARGET_NAME)";
				TEST_HOST = "$(BUILT_PRODUCTS_DIR)/JYDatabase - OC.app/JYDatabase - OC";
			};
			name = Debug;
		};
		5CE7DCCB1CE0615E00470171 /* Release */ = {
			isa = XCBuildConfiguration;
			buildSettings = {
				BUNDLE_LOADER = "$(TEST_HOST)";
				INFOPLIST_FILE = "JYDatabase - OCTests/Info.plist";
				LD_RUNPATH_SEARCH_PATHS = "$(inherited) @executable_path/Frameworks @loader_path/Frameworks";
				PRODUCT_BUNDLE_IDENTIFIER = "yunyunxiao.JYDatabase---OCTests";
				PRODUCT_NAME = "$(TARGET_NAME)";
				TEST_HOST = "$(BUILT_PRODUCTS_DIR)/JYDatabase - OC.app/JYDatabase - OC";
			};
			name = Release;
		};
		5CE7DCCD1CE0615E00470171 /* Debug */ = {
			isa = XCBuildConfiguration;
			buildSettings = {
				INFOPLIST_FILE = "JYDatabase - OCUITests/Info.plist";
				LD_RUNPATH_SEARCH_PATHS = "$(inherited) @executable_path/Frameworks @loader_path/Frameworks";
				PRODUCT_BUNDLE_IDENTIFIER = "yunyunxiao.JYDatabase---OCUITests";
				PRODUCT_NAME = "$(TARGET_NAME)";
				TEST_TARGET_NAME = "JYDatabase - OC";
			};
			name = Debug;
		};
		5CE7DCCE1CE0615E00470171 /* Release */ = {
			isa = XCBuildConfiguration;
			buildSettings = {
				INFOPLIST_FILE = "JYDatabase - OCUITests/Info.plist";
				LD_RUNPATH_SEARCH_PATHS = "$(inherited) @executable_path/Frameworks @loader_path/Frameworks";
				PRODUCT_BUNDLE_IDENTIFIER = "yunyunxiao.JYDatabase---OCUITests";
				PRODUCT_NAME = "$(TARGET_NAME)";
				TEST_TARGET_NAME = "JYDatabase - OC";
			};
			name = Release;
		};
/* End XCBuildConfiguration section */

/* Begin XCConfigurationList section */
		5CE7DC941CE0615E00470171 /* Build configuration list for PBXProject "JYDatabase - OC" */ = {
			isa = XCConfigurationList;
			buildConfigurations = (
				5CE7DCC41CE0615E00470171 /* Debug */,
				5CE7DCC51CE0615E00470171 /* Release */,
			);
			defaultConfigurationIsVisible = 0;
			defaultConfigurationName = Release;
		};
		5CE7DCC61CE0615E00470171 /* Build configuration list for PBXNativeTarget "JYDatabase - OC" */ = {
			isa = XCConfigurationList;
			buildConfigurations = (
				5CE7DCC71CE0615E00470171 /* Debug */,
				5CE7DCC81CE0615E00470171 /* Release */,
			);
			defaultConfigurationIsVisible = 0;
			defaultConfigurationName = Release;
		};
		5CE7DCC91CE0615E00470171 /* Build configuration list for PBXNativeTarget "JYDatabase - OCTests" */ = {
			isa = XCConfigurationList;
			buildConfigurations = (
				5CE7DCCA1CE0615E00470171 /* Debug */,
				5CE7DCCB1CE0615E00470171 /* Release */,
			);
			defaultConfigurationIsVisible = 0;
			defaultConfigurationName = Release;
		};
		5CE7DCCC1CE0615E00470171 /* Build configuration list for PBXNativeTarget "JYDatabase - OCUITests" */ = {
			isa = XCConfigurationList;
			buildConfigurations = (
				5CE7DCCD1CE0615E00470171 /* Debug */,
				5CE7DCCE1CE0615E00470171 /* Release */,
			);
			defaultConfigurationIsVisible = 0;
			defaultConfigurationName = Release;
		};
/* End XCConfigurationList section */
	};
	rootObject = 5CE7DC911CE0615E00470171 /* Project object */;
}
